
Microsoft Visual Studio Solution File, Format Version 12.00
# Visual Studio Version 17
VisualStudioVersion = 17.4.33213.308
MinimumVisualStudioVersion = 10.0.40219.1
Project("{F184B08F-C81C-45F6-A57F-5ABD9991F28F}") = "PA Visual Basic", "PA Visual Basic.vbproj", "{E95C2B70-4072-4D7F-9CDA-A6309DBA9841}"
EndProject
Global
	GlobalSection(SolutionConfigurationPlatforms) = preSolution
		Debug|Any CPU = Debug|Any CPU
		Release|Any CPU = Release|Any CPU
	EndGlobalSection
	GlobalSection(ProjectConfigurationPlatforms) = postSolution
		{E95C2B70-4072-4D7F-9CDA-A6309DBA9841}.Debug|Any CPU.ActiveCfg = Debug|Any CPU
		{E95C2B70-4072-4D7F-9CDA-A6309DBA9841}.Debug|Any CPU.Build.0 = Debug|Any CPU
		{E95C2B70-4072-4D7F-9CDA-A6309DBA9841}.Release|Any CPU.ActiveCfg = Release|Any CPU
		{E95C2B70-4072-4D7F-9CDA-A6309DBA9841}.Release|Any CPU.Build.0 = Release|Any CPU
	EndGlobalSection
	GlobalSection(SolutionProperties) = preSolution
		HideSolutionNode = FALSE
	EndGlobalSection
	GlobalSection(ExtensibilityGlobals) = postSolution
		SolutionGuid = {E68B899D-4895-42B0-843C-6384ADB1E79E}
	EndGlobalSection
EndGlobal
